
Microsoft Visual Studio Solution File, Format Version 12.00
# Visual Studio 15
VisualStudioVersion = 15.0.28307.902
MinimumVisualStudioVersion = 10.0.40219.1
Project("{FAE04EC0-301F-11D3-BF4B-00C04F79EFBC}") = "Proyecto4_Diplomado_Web_MVC_UASD", "Proyecto4_Diplomado_Web_MVC_UASD\Proyecto4_Diplomado_Web_MVC_UASD.csproj", "{F7E56F50-9F4B-4E46-81F7-BE6CB7E47FDE}"
EndProject
Global
	GlobalSection(SolutionConfigurationPlatforms) = preSolution
		Debug|Any CPU = Debug|Any CPU
		Release|Any CPU = Release|Any CPU
	EndGlobalSection
	GlobalSection(ProjectConfigurationPlatforms) = postSolution
		{F7E56F50-9F4B-4E46-81F7-BE6CB7E47FDE}.Debug|Any CPU.ActiveCfg = Debug|Any CPU
		{F7E56F50-9F4B-4E46-81F7-BE6CB7E47FDE}.Debug|Any CPU.Build.0 = Debug|Any CPU
		{F7E56F50-9F4B-4E46-81F7-BE6CB7E47FDE}.Release|Any CPU.ActiveCfg = Release|Any CPU
		{F7E56F50-9F4B-4E46-81F7-BE6CB7E47FDE}.Release|Any CPU.Build.0 = Release|Any CPU
	EndGlobalSection
	GlobalSection(SolutionProperties) = preSolution
		HideSolutionNode = FALSE
	EndGlobalSection
	GlobalSection(ExtensibilityGlobals) = postSolution
		SolutionGuid = {331B4FA9-52FD-4FE2-A85E-5C45C6802FA7}
	EndGlobalSection
EndGlobal
